// !$*UTF8*$!
{
	archiveVersion = 1;
	classes = {
	};
	objectVersion = 50;
	objects = {

/* Begin PBXBuildFile section */
		9301053C26BDA5D000743CFB /* StateSwiftUI.swift in Sources */ = {isa = PBXBuildFile; fileRef = 9301053B26BDA5D000743CFB /* StateSwiftUI.swift */; };
		932AB13026A9EEE9003A43A5 /* InitsAndEnums.swift in Sources */ = {isa = PBXBuildFile; fileRef = 932AB12F26A9EEE9003A43A5 /* InitsAndEnums.swift */; };
		932AB13426A9F5DB003A43A5 /* ForEachSwiftUI.swift in Sources */ = {isa = PBXBuildFile; fileRef = 932AB13326A9F5DB003A43A5 /* ForEachSwiftUI.swift */; };
		9343D3BE26A212FB00997ED1 /* StacksSwiftUI.swift in Sources */ = {isa = PBXBuildFile; fileRef = 9343D3BD26A212FB00997ED1 /* StacksSwiftUI.swift */; };
		9343D3C226A2236400997ED1 /* PaddingAndSpacing.swift in Sources */ = {isa = PBXBuildFile; fileRef = 9343D3C126A2236400997ED1 /* PaddingAndSpacing.swift */; };
		9343D3C426A226F800997ED1 /* SpacerSwiftUI.swift in Sources */ = {isa = PBXBuildFile; fileRef = 9343D3C326A226F800997ED1 /* SpacerSwiftUI.swift */; };
		9349A27326BD91D800EA5072 /* ButtonSwiftUI.swift in Sources */ = {isa = PBXBuildFile; fileRef = 9349A27226BD91D800EA5072 /* ButtonSwiftUI.swift */; };
		937D7F2B269B6F1E00F8CAA2 /* SwiftUINotesApp.swift in Sources */ = {isa = PBXBuildFile; fileRef = 937D7F2A269B6F1E00F8CAA2 /* SwiftUINotesApp.swift */; };
		937D7F2D269B6F1E00F8CAA2 /* ContentView.swift in Sources */ = {isa = PBXBuildFile; fileRef = 937D7F2C269B6F1E00F8CAA2 /* ContentView.swift */; };
		937D7F2F269B6F1F00F8CAA2 /* Assets.xcassets in Resources */ = {isa = PBXBuildFile; fileRef = 937D7F2E269B6F1F00F8CAA2 /* Assets.xcassets */; };
		937D7F32269B6F1F00F8CAA2 /* Preview Assets.xcassets in Resources */ = {isa = PBXBuildFile; fileRef = 937D7F31269B6F1F00F8CAA2 /* Preview Assets.xcassets */; };
		937D7F3E269B709100F8CAA2 /* TextSwiftUI.swift in Sources */ = {isa = PBXBuildFile; fileRef = 937D7F3D269B709100F8CAA2 /* TextSwiftUI.swift */; };
		937D7F40269B7E8F00F8CAA2 /* ShapesSwiftUI.swift in Sources */ = {isa = PBXBuildFile; fileRef = 937D7F3F269B7E8F00F8CAA2 /* ShapesSwiftUI.swift */; };
		937D7F42269B82B700F8CAA2 /* ColorSwiftUI.swift in Sources */ = {isa = PBXBuildFile; fileRef = 937D7F41269B82B700F8CAA2 /* ColorSwiftUI.swift */; };
		937D7F44269B870200F8CAA2 /* GradientsSwiftUI.swift in Sources */ = {isa = PBXBuildFile; fileRef = 937D7F43269B870200F8CAA2 /* GradientsSwiftUI.swift */; };
		938C905D26ACB60D00EC0D4F /* ScrollViewSwiftUI.swift in Sources */ = {isa = PBXBuildFile; fileRef = 938C905C26ACB60D00EC0D4F /* ScrollViewSwiftUI.swift */; };
		93C6C65126BC1D4D0040B971 /* GridSwiftUI.swift in Sources */ = {isa = PBXBuildFile; fileRef = 93C6C65026BC1D4D0040B971 /* GridSwiftUI.swift */; };
		93C6C65326BC44F50040B971 /* SafeAreaSwiftUI.swift in Sources */ = {isa = PBXBuildFile; fileRef = 93C6C65226BC44F50040B971 /* SafeAreaSwiftUI.swift */; };
		93C79DD226C2D52F006C2C54 /* ExtractedFunctions.swift in Sources */ = {isa = PBXBuildFile; fileRef = 93C79DD126C2D52F006C2C54 /* ExtractedFunctions.swift */; };
		93F72859269F67A60032388E /* systemIconSwiftUI.swift in Sources */ = {isa = PBXBuildFile; fileRef = 93F72858269F67A60032388E /* systemIconSwiftUI.swift */; };
		93F7285B269F6B310032388E /* imageSwiftUI.swift in Sources */ = {isa = PBXBuildFile; fileRef = 93F7285A269F6B310032388E /* imageSwiftUI.swift */; };
		93F7285D269FA8D70032388E /* frameSwiftUI.swift in Sources */ = {isa = PBXBuildFile; fileRef = 93F7285C269FA8D70032388E /* frameSwiftUI.swift */; };
		93F7285F269FB0850032388E /* BackgroundAndOverlaySwiftUI.swift in Sources */ = {isa = PBXBuildFile; fileRef = 93F7285E269FB0850032388E /* BackgroundAndOverlaySwiftUI.swift */; };
/* End PBXBuildFile section */

/* Begin PBXFileReference section */
		9301053B26BDA5D000743CFB /* StateSwiftUI.swift */ = {isa = PBXFileReference; lastKnownFileType = sourcecode.swift; path = StateSwiftUI.swift; sourceTree = "<group>"; };
		932AB12F26A9EEE9003A43A5 /* InitsAndEnums.swift */ = {isa = PBXFileReference; lastKnownFileType = sourcecode.swift; path = InitsAndEnums.swift; sourceTree = "<group>"; };
		932AB13326A9F5DB003A43A5 /* ForEachSwiftUI.swift */ = {isa = PBXFileReference; lastKnownFileType = sourcecode.swift; path = ForEachSwiftUI.swift; sourceTree = "<group>"; };
		9343D3BD26A212FB00997ED1 /* StacksSwiftUI.swift */ = {isa = PBXFileReference; lastKnownFileType = sourcecode.swift; path = StacksSwiftUI.swift; sourceTree = "<group>"; };
		9343D3C126A2236400997ED1 /* PaddingAndSpacing.swift */ = {isa = PBXFileReference; lastKnownFileType = sourcecode.swift; path = PaddingAndSpacing.swift; sourceTree = "<group>"; };
		9343D3C326A226F800997ED1 /* SpacerSwiftUI.swift */ = {isa = PBXFileReference; lastKnownFileType = sourcecode.swift; path = SpacerSwiftUI.swift; sourceTree = "<group>"; };
		9349A27226BD91D800EA5072 /* ButtonSwiftUI.swift */ = {isa = PBXFileReference; lastKnownFileType = sourcecode.swift; path = ButtonSwiftUI.swift; sourceTree = "<group>"; };
		937D7F27269B6F1E00F8CAA2 /* SwiftUINotes.app */ = {isa = PBXFileReference; explicitFileType = wrapper.application; includeInIndex = 0; path = SwiftUINotes.app; sourceTree = BUILT_PRODUCTS_DIR; };
		937D7F2A269B6F1E00F8CAA2 /* SwiftUINotesApp.swift */ = {isa = PBXFileReference; lastKnownFileType = sourcecode.swift; path = SwiftUINotesApp.swift; sourceTree = "<group>"; };
		937D7F2C269B6F1E00F8CAA2 /* ContentView.swift */ = {isa = PBXFileReference; lastKnownFileType = sourcecode.swift; path = ContentView.swift; sourceTree = "<group>"; };
		937D7F2E269B6F1F00F8CAA2 /* Assets.xcassets */ = {isa = PBXFileReference; lastKnownFileType = folder.assetcatalog; path = Assets.xcassets; sourceTree = "<group>"; };
		937D7F31269B6F1F00F8CAA2 /* Preview Assets.xcassets */ = {isa = PBXFileReference; lastKnownFileType = folder.assetcatalog; path = "Preview Assets.xcassets"; sourceTree = "<group>"; };
		937D7F33269B6F1F00F8CAA2 /* Info.plist */ = {isa = PBXFileReference; lastKnownFileType = text.plist.xml; path = Info.plist; sourceTree = "<group>"; };
		937D7F3D269B709100F8CAA2 /* TextSwiftUI.swift */ = {isa = PBXFileReference; lastKnownFileType = sourcecode.swift; path = TextSwiftUI.swift; sourceTree = "<group>"; };
		937D7F3F269B7E8F00F8CAA2 /* ShapesSwiftUI.swift */ = {isa = PBXFileReference; lastKnownFileType = sourcecode.swift; path = ShapesSwiftUI.swift; sourceTree = "<group>"; };
		937D7F41269B82B700F8CAA2 /* ColorSwiftUI.swift */ = {isa = PBXFileReference; lastKnownFileType = sourcecode.swift; path = ColorSwiftUI.swift; sourceTree = "<group>"; };
		937D7F43269B870200F8CAA2 /* GradientsSwiftUI.swift */ = {isa = PBXFileReference; lastKnownFileType = sourcecode.swift; path = GradientsSwiftUI.swift; sourceTree = "<group>"; };
		938C905C26ACB60D00EC0D4F /* ScrollViewSwiftUI.swift */ = {isa = PBXFileReference; lastKnownFileType = sourcecode.swift; path = ScrollViewSwiftUI.swift; sourceTree = "<group>"; };
		93C6C65026BC1D4D0040B971 /* GridSwiftUI.swift */ = {isa = PBXFileReference; lastKnownFileType = sourcecode.swift; path = GridSwiftUI.swift; sourceTree = "<group>"; };
		93C6C65226BC44F50040B971 /* SafeAreaSwiftUI.swift */ = {isa = PBXFileReference; lastKnownFileType = sourcecode.swift; path = SafeAreaSwiftUI.swift; sourceTree = "<group>"; };
		93C79DD126C2D52F006C2C54 /* ExtractedFunctions.swift */ = {isa = PBXFileReference; lastKnownFileType = sourcecode.swift; path = ExtractedFunctions.swift; sourceTree = "<group>"; };
		93F72858269F67A60032388E /* systemIconSwiftUI.swift */ = {isa = PBXFileReference; lastKnownFileType = sourcecode.swift; path = systemIconSwiftUI.swift; sourceTree = "<group>"; };
		93F7285A269F6B310032388E /* imageSwiftUI.swift */ = {isa = PBXFileReference; lastKnownFileType = sourcecode.swift; path = imageSwiftUI.swift; sourceTree = "<group>"; };
		93F7285C269FA8D70032388E /* frameSwiftUI.swift */ = {isa = PBXFileReference; lastKnownFileType = sourcecode.swift; path = frameSwiftUI.swift; sourceTree = "<group>"; };
		93F7285E269FB0850032388E /* BackgroundAndOverlaySwiftUI.swift */ = {isa = PBXFileReference; lastKnownFileType = sourcecode.swift; path = BackgroundAndOverlaySwiftUI.swift; sourceTree = "<group>"; };
/* End PBXFileReference section */

/* Begin PBXFrameworksBuildPhase section */
		937D7F24269B6F1E00F8CAA2 /* Frameworks */ = {
			isa = PBXFrameworksBuildPhase;
			buildActionMask = 2147483647;
			files = (
			);
			runOnlyForDeploymentPostprocessing = 0;
		};
/* End PBXFrameworksBuildPhase section */

/* Begin PBXGroup section */
		937D7F1E269B6F1E00F8CAA2 = {
			isa = PBXGroup;
			children = (
				937D7F29269B6F1E00F8CAA2 /* SwiftUINotes */,
				937D7F28269B6F1E00F8CAA2 /* Products */,
			);
			sourceTree = "<group>";
		};
		937D7F28269B6F1E00F8CAA2 /* Products */ = {
			isa = PBXGroup;
			children = (
				937D7F27269B6F1E00F8CAA2 /* SwiftUINotes.app */,
			);
			name = Products;
			sourceTree = "<group>";
		};
		937D7F29269B6F1E00F8CAA2 /* SwiftUINotes */ = {
			isa = PBXGroup;
			children = (
				937D7F2A269B6F1E00F8CAA2 /* SwiftUINotesApp.swift */,
				937D7F2C269B6F1E00F8CAA2 /* ContentView.swift */,
				937D7F3D269B709100F8CAA2 /* TextSwiftUI.swift */,
				937D7F3F269B7E8F00F8CAA2 /* ShapesSwiftUI.swift */,
				937D7F41269B82B700F8CAA2 /* ColorSwiftUI.swift */,
				937D7F43269B870200F8CAA2 /* GradientsSwiftUI.swift */,
				93F72858269F67A60032388E /* systemIconSwiftUI.swift */,
				93F7285A269F6B310032388E /* imageSwiftUI.swift */,
				93F7285C269FA8D70032388E /* frameSwiftUI.swift */,
				93F7285E269FB0850032388E /* BackgroundAndOverlaySwiftUI.swift */,
				9343D3BD26A212FB00997ED1 /* StacksSwiftUI.swift */,
				9343D3C126A2236400997ED1 /* PaddingAndSpacing.swift */,
				9343D3C326A226F800997ED1 /* SpacerSwiftUI.swift */,
				932AB12F26A9EEE9003A43A5 /* InitsAndEnums.swift */,
				932AB13326A9F5DB003A43A5 /* ForEachSwiftUI.swift */,
				938C905C26ACB60D00EC0D4F /* ScrollViewSwiftUI.swift */,
				93C6C65026BC1D4D0040B971 /* GridSwiftUI.swift */,
				93C6C65226BC44F50040B971 /* SafeAreaSwiftUI.swift */,
				9349A27226BD91D800EA5072 /* ButtonSwiftUI.swift */,
				9301053B26BDA5D000743CFB /* StateSwiftUI.swift */,
				93C79DD126C2D52F006C2C54 /* ExtractedFunctions.swift */,
				937D7F2E269B6F1F00F8CAA2 /* Assets.xcassets */,
				937D7F33269B6F1F00F8CAA2 /* Info.plist */,
				937D7F30269B6F1F00F8CAA2 /* Preview Content */,
			);
			path = SwiftUINotes;
			sourceTree = "<group>";
		};
		937D7F30269B6F1F00F8CAA2 /* Preview Content */ = {
			isa = PBXGroup;
			children = (
				937D7F31269B6F1F00F8CAA2 /* Preview Assets.xcassets */,
			);
			path = "Preview Content";
			sourceTree = "<group>";
		};
/* End PBXGroup section */

/* Begin PBXNativeTarget section */
		937D7F26269B6F1E00F8CAA2 /* SwiftUINotes */ = {
			isa = PBXNativeTarget;
			buildConfigurationList = 937D7F36269B6F1F00F8CAA2 /* Build configuration list for PBXNativeTarget "SwiftUINotes" */;
			buildPhases = (
				937D7F23269B6F1E00F8CAA2 /* Sources */,
				937D7F24269B6F1E00F8CAA2 /* Frameworks */,
				937D7F25269B6F1E00F8CAA2 /* Resources */,
			);
			buildRules = (
			);
			dependencies = (
			);
			name = SwiftUINotes;
			productName = SwiftUINotes;
			productReference = 937D7F27269B6F1E00F8CAA2 /* SwiftUINotes.app */;
			productType = "com.apple.product-type.application";
		};
/* End PBXNativeTarget section */

/* Begin PBXProject section */
		937D7F1F269B6F1E00F8CAA2 /* Project object */ = {
			isa = PBXProject;
			attributes = {
				LastSwiftUpdateCheck = 1250;
				LastUpgradeCheck = 1250;
				TargetAttributes = {
					937D7F26269B6F1E00F8CAA2 = {
						CreatedOnToolsVersion = 12.5.1;
					};
				};
			};
			buildConfigurationList = 937D7F22269B6F1E00F8CAA2 /* Build configuration list for PBXProject "SwiftUINotes" */;
			compatibilityVersion = "Xcode 9.3";
			developmentRegion = en;
			hasScannedForEncodings = 0;
			knownRegions = (
				en,
				Base,
			);
			mainGroup = 937D7F1E269B6F1E00F8CAA2;
			productRefGroup = 937D7F28269B6F1E00F8CAA2 /* Products */;
			projectDirPath = "";
			projectRoot = "";
			targets = (
				937D7F26269B6F1E00F8CAA2 /* SwiftUINotes */,
			);
		};
/* End PBXProject section */

/* Begin PBXResourcesBuildPhase section */
		937D7F25269B6F1E00F8CAA2 /* Resources */ = {
			isa = PBXResourcesBuildPhase;
			buildActionMask = 2147483647;
			files = (
				937D7F32269B6F1F00F8CAA2 /* Preview Assets.xcassets in Resources */,
				937D7F2F269B6F1F00F8CAA2 /* Assets.xcassets in Resources */,
			);
			runOnlyForDeploymentPostprocessing = 0;
		};
/* End PBXResourcesBuildPhase section */

/* Begin PBXSourcesBuildPhase section */
		937D7F23269B6F1E00F8CAA2 /* Sources */ = {
			isa = PBXSourcesBuildPhase;
			buildActionMask = 2147483647;
			files = (
				937D7F2D269B6F1E00F8CAA2 /* ContentView.swift in Sources */,
				9301053C26BDA5D000743CFB /* StateSwiftUI.swift in Sources */,
				9343D3C426A226F800997ED1 /* SpacerSwiftUI.swift in Sources */,
				937D7F40269B7E8F00F8CAA2 /* ShapesSwiftUI.swift in Sources */,
				937D7F3E269B709100F8CAA2 /* TextSwiftUI.swift in Sources */,
				93C6C65126BC1D4D0040B971 /* GridSwiftUI.swift in Sources */,
				93F7285B269F6B310032388E /* imageSwiftUI.swift in Sources */,
				937D7F44269B870200F8CAA2 /* GradientsSwiftUI.swift in Sources */,
				9343D3C226A2236400997ED1 /* PaddingAndSpacing.swift in Sources */,
				938C905D26ACB60D00EC0D4F /* ScrollViewSwiftUI.swift in Sources */,
				93C79DD226C2D52F006C2C54 /* ExtractedFunctions.swift in Sources */,
				9349A27326BD91D800EA5072 /* ButtonSwiftUI.swift in Sources */,
				937D7F2B269B6F1E00F8CAA2 /* SwiftUINotesApp.swift in Sources */,
				932AB13426A9F5DB003A43A5 /* ForEachSwiftUI.swift in Sources */,
				932AB13026A9EEE9003A43A5 /* InitsAndEnums.swift in Sources */,
				9343D3BE26A212FB00997ED1 /* StacksSwiftUI.swift in Sources */,
				93F7285D269FA8D70032388E /* frameSwiftUI.swift in Sources */,
				937D7F42269B82B700F8CAA2 /* ColorSwiftUI.swift in Sources */,
				93F7285F269FB0850032388E /* BackgroundAndOverlaySwiftUI.swift in Sources */,
				93F72859269F67A60032388E /* systemIconSwiftUI.swift in Sources */,
				93C6C65326BC44F50040B971 /* SafeAreaSwiftUI.swift in Sources */,
			);
			runOnlyForDeploymentPostprocessing = 0;
		};
/* End PBXSourcesBuildPhase section */

/* Begin XCBuildConfiguration section */
		937D7F34269B6F1F00F8CAA2 /* Debug */ = {
			isa = XCBuildConfiguration;
			buildSettings = {
				ALWAYS_SEARCH_USER_PATHS = NO;
				CLANG_ANALYZER_NONNULL = YES;
				CLANG_ANALYZER_NUMBER_OBJECT_CONVERSION = YES_AGGRESSIVE;
				CLANG_CXX_LANGUAGE_STANDARD = "gnu++14";
				CLANG_CXX_LIBRARY = "libc++";
				CLANG_ENABLE_MODULES = YES;
				CLANG_ENABLE_OBJC_ARC = YES;
				CLANG_ENABLE_OBJC_WEAK = YES;
				CLANG_WARN_BLOCK_CAPTURE_AUTORELEASING = YES;
				CLANG_WARN_BOOL_CONVERSION = YES;
				CLANG_WARN_COMMA = YES;
				CLANG_WARN_CONSTANT_CONVERSION = YES;
				CLANG_WARN_DEPRECATED_OBJC_IMPLEMENTATIONS = YES;
				CLANG_WARN_DIRECT_OBJC_ISA_USAGE = YES_ERROR;
				CLANG_WARN_DOCUMENTATION_COMMENTS = YES;
				CLANG_WARN_EMPTY_BODY = YES;
				CLANG_WARN_ENUM_CONVERSION = YES;
				CLANG_WARN_INFINITE_RECURSION = YES;
				CLANG_WARN_INT_CONVERSION = YES;
				CLANG_WARN_NON_LITERAL_NULL_CONVERSION = YES;
				CLANG_WARN_OBJC_IMPLICIT_RETAIN_SELF = YES;
				CLANG_WARN_OBJC_LITERAL_CONVERSION = YES;
				CLANG_WARN_OBJC_ROOT_CLASS = YES_ERROR;
				CLANG_WARN_QUOTED_INCLUDE_IN_FRAMEWORK_HEADER = YES;
				CLANG_WARN_RANGE_LOOP_ANALYSIS = YES;
				CLANG_WARN_STRICT_PROTOTYPES = YES;
				CLANG_WARN_SUSPICIOUS_MOVE = YES;
				CLANG_WARN_UNGUARDED_AVAILABILITY = YES_AGGRESSIVE;
				CLANG_WARN_UNREACHABLE_CODE = YES;
				CLANG_WARN__DUPLICATE_METHOD_MATCH = YES;
				COPY_PHASE_STRIP = NO;
				DEBUG_INFORMATION_FORMAT = dwarf;
				ENABLE_STRICT_OBJC_MSGSEND = YES;
				ENABLE_TESTABILITY = YES;
				GCC_C_LANGUAGE_STANDARD = gnu11;
				GCC_DYNAMIC_NO_PIC = NO;
				GCC_NO_COMMON_BLOCKS = YES;
				GCC_OPTIMIZATION_LEVEL = 0;
				GCC_PREPROCESSOR_DEFINITIONS = (
					"DEBUG=1",
					"$(inherited)",
				);
				GCC_WARN_64_TO_32_BIT_CONVERSION = YES;
				GCC_WARN_ABOUT_RETURN_TYPE = YES_ERROR;
				GCC_WARN_UNDECLARED_SELECTOR = YES;
				GCC_WARN_UNINITIALIZED_AUTOS = YES_AGGRESSIVE;
				GCC_WARN_UNUSED_FUNCTION = YES;
				GCC_WARN_UNUSED_VARIABLE = YES;
				IPHONEOS_DEPLOYMENT_TARGET = 14.5;
				MTL_ENABLE_DEBUG_INFO = INCLUDE_SOURCE;
				MTL_FAST_MATH = YES;
				ONLY_ACTIVE_ARCH = YES;
				SDKROOT = iphoneos;
				SWIFT_ACTIVE_COMPILATION_CONDITIONS = DEBUG;
				SWIFT_OPTIMIZATION_LEVEL = "-Onone";
			};
			name = Debug;
		};
		937D7F35269B6F1F00F8CAA2 /* Release */ = {
			isa = XCBuildConfiguration;
			buildSettings = {
				ALWAYS_SEARCH_USER_PATHS = NO;
				CLANG_ANALYZER_NONNULL = YES;
				CLANG_ANALYZER_NUMBER_OBJECT_CONVERSION = YES_AGGRESSIVE;
				CLANG_CXX_LANGUAGE_STANDARD = "gnu++14";
				CLANG_CXX_LIBRARY = "libc++";
				CLANG_ENABLE_MODULES = YES;
				CLANG_ENABLE_OBJC_ARC = YES;
				CLANG_ENABLE_OBJC_WEAK = YES;
				CLANG_WARN_BLOCK_CAPTURE_AUTORELEASING = YES;
				CLANG_WARN_BOOL_CONVERSION = YES;
				CLANG_WARN_COMMA = YES;
				CLANG_WARN_CONSTANT_CONVERSION = YES;
				CLANG_WARN_DEPRECATED_OBJC_IMPLEMENTATIONS = YES;
				CLANG_WARN_DIRECT_OBJC_ISA_USAGE = YES_ERROR;
				CLANG_WARN_DOCUMENTATION_COMMENTS = YES;
				CLANG_WARN_EMPTY_BODY = YES;
				CLANG_WARN_ENUM_CONVERSION = YES;
				CLANG_WARN_INFINITE_RECURSION = YES;
				CLANG_WARN_INT_CONVERSION = YES;
				CLANG_WARN_NON_LITERAL_NULL_CONVERSION = YES;
				CLANG_WARN_OBJC_IMPLICIT_RETAIN_SELF = YES;
				CLANG_WARN_OBJC_LITERAL_CONVERSION = YES;
				CLANG_WARN_OBJC_ROOT_CLASS = YES_ERROR;
				CLANG_WARN_QUOTED_INCLUDE_IN_FRAMEWORK_HEADER = YES;
				CLANG_WARN_RANGE_LOOP_ANALYSIS = YES;
				CLANG_WARN_STRICT_PROTOTYPES = YES;
				CLANG_WARN_SUSPICIOUS_MOVE = YES;
				CLANG_WARN_UNGUARDED_AVAILABILITY = YES_AGGRESSIVE;
				CLANG_WARN_UNREACHABLE_CODE = YES;
				CLANG_WARN__DUPLICATE_METHOD_MATCH = YES;
				COPY_PHASE_STRIP = NO;
				DEBUG_INFORMATION_FORMAT = "dwarf-with-dsym";
				ENABLE_NS_ASSERTIONS = NO;
				ENABLE_STRICT_OBJC_MSGSEND = YES;
				GCC_C_LANGUAGE_STANDARD = gnu11;
				GCC_NO_COMMON_BLOCKS = YES;
				GCC_WARN_64_TO_32_BIT_CONVERSION = YES;
				GCC_WARN_ABOUT_RETURN_TYPE = YES_ERROR;
				GCC_WARN_UNDECLARED_SELECTOR = YES;
				GCC_WARN_UNINITIALIZED_AUTOS = YES_AGGRESSIVE;
				GCC_WARN_UNUSED_FUNCTION = YES;
				GCC_WARN_UNUSED_VARIABLE = YES;
				IPHONEOS_DEPLOYMENT_TARGET = 14.5;
				MTL_ENABLE_DEBUG_INFO = NO;
				MTL_FAST_MATH = YES;
				SDKROOT = iphoneos;
				SWIFT_COMPILATION_MODE = wholemodule;
				SWIFT_OPTIMIZATION_LEVEL = "-O";
				VALIDATE_PRODUCT = YES;
			};
			name = Release;
		};
		937D7F37269B6F1F00F8CAA2 /* Debug */ = {
			isa = XCBuildConfiguration;
			buildSettings = {
				ASSETCATALOG_COMPILER_APPICON_NAME = AppIcon;
				ASSETCATALOG_COMPILER_GLOBAL_ACCENT_COLOR_NAME = AccentColor;
				CODE_SIGN_STYLE = Automatic;
				DEVELOPMENT_ASSET_PATHS = "\"SwiftUINotes/Preview Content\"";
				DEVELOPMENT_TEAM = X8ACHSW6UJ;
				ENABLE_PREVIEWS = YES;
				INFOPLIST_FILE = SwiftUINotes/Info.plist;
				IPHONEOS_DEPLOYMENT_TARGET = 14.0;
				LD_RUNPATH_SEARCH_PATHS = (
					"$(inherited)",
					"@executable_path/Frameworks",
				);
				PRODUCT_BUNDLE_IDENTIFIER = software.appcat.SwiftUINotes;
				PRODUCT_NAME = "$(TARGET_NAME)";
				SWIFT_VERSION = 5.0;
				TARGETED_DEVICE_FAMILY = "1,2";
			};
			name = Debug;
		};
		937D7F38269B6F1F00F8CAA2 /* Release */ = {
			isa = XCBuildConfiguration;
			buildSettings = {
				ASSETCATALOG_COMPILER_APPICON_NAME = AppIcon;
				ASSETCATALOG_COMPILER_GLOBAL_ACCENT_COLOR_NAME = AccentColor;
				CODE_SIGN_STYLE = Automatic;
				DEVELOPMENT_ASSET_PATHS = "\"SwiftUINotes/Preview Content\"";
				DEVELOPMENT_TEAM = X8ACHSW6UJ;
				ENABLE_PREVIEWS = YES;
				INFOPLIST_FILE = SwiftUINotes/Info.plist;
				IPHONEOS_DEPLOYMENT_TARGET = 14.0;
				LD_RUNPATH_SEARCH_PATHS = (
					"$(inherited)",
					"@executable_path/Frameworks",
				);
				PRODUCT_BUNDLE_IDENTIFIER = software.appcat.SwiftUINotes;
				PRODUCT_NAME = "$(TARGET_NAME)";
				SWIFT_VERSION = 5.0;
				TARGETED_DEVICE_FAMILY = "1,2";
			};
			name = Release;
		};
/* End XCBuildConfiguration section */

/* Begin XCConfigurationList section */
		937D7F22269B6F1E00F8CAA2 /* Build configuration list for PBXProject "SwiftUINotes" */ = {
			isa = XCConfigurationList;
			buildConfigurations = (
				937D7F34269B6F1F00F8CAA2 /* Debug */,
				937D7F35269B6F1F00F8CAA2 /* Release */,
			);
			defaultConfigurationIsVisible = 0;
			defaultConfigurationName = Release;
		};
		937D7F36269B6F1F00F8CAA2 /* Build configuration list for PBXNativeTarget "SwiftUINotes" */ = {
			isa = XCConfigurationList;
			buildConfigurations = (
				937D7F37269B6F1F00F8CAA2 /* Debug */,
				937D7F38269B6F1F00F8CAA2 /* Release */,
			);
			defaultConfigurationIsVisible = 0;
			defaultConfigurationName = Release;
		};
/* End XCConfigurationList section */
	};
	rootObject = 937D7F1F269B6F1E00F8CAA2 /* Project object */;
}
